
Microsoft Visual Studio Solution File, Format Version 12.00
# Visual Studio Version 16
VisualStudioVersion = 16.0.30804.86
MinimumVisualStudioVersion = 10.0.40219.1
Project("{9A19103F-16F7-4668-BE54-9A1E7A4F7556}") = "CoreWCFRestContrib", "src\CoreWCFRestContrib\CoreWCFRestContrib.csproj", "{C5FF0C9C-E10A-467A-A0AA-BC624B48F3F1}"
EndProject
Project("{2150E333-8FDC-42A3-9474-1A3956D46DE8}") = "src", "src", "{AA055A2D-EE7B-4C7C-A660-893A54D0A7B9}"
EndProject
Project("{2150E333-8FDC-42A3-9474-1A3956D46DE8}") = "tests", "tests", "{3563B2ED-C796-4FD1-9CB5-C9C90ABE32DD}"
EndProject
Project("{9A19103F-16F7-4668-BE54-9A1E7A4F7556}") = "CoreWCFRestContrib.Tests", "tests\CoreWCFRestContrib.Tests\CoreWCFRestContrib.Tests.csproj", "{5B826EB8-E7AA-4FE2-86D6-AE6AC6938BC8}"
EndProject
Project("{FAE04EC0-301F-11D3-BF4B-00C04F79EFBC}") = "NielsBohrLibrary", "tests\NielsBohrLibrary\NielsBohrLibrary.csproj", "{CF56535E-6966-44F9-8999-56F36C4E5297}"
EndProject
Global
	GlobalSection(SolutionConfigurationPlatforms) = preSolution
		Debug|Any CPU = Debug|Any CPU
		Debug|Mixed Platforms = Debug|Mixed Platforms
		Debug|x86 = Debug|x86
		Release|Any CPU = Release|Any CPU
		Release|Mixed Platforms = Release|Mixed Platforms
		Release|x86 = Release|x86
	EndGlobalSection
	GlobalSection(ProjectConfigurationPlatforms) = postSolution
		{C5FF0C9C-E10A-467A-A0AA-BC624B48F3F1}.Debug|Any CPU.ActiveCfg = Debug|Any CPU
		{C5FF0C9C-E10A-467A-A0AA-BC624B48F3F1}.Debug|Any CPU.Build.0 = Debug|Any CPU
		{C5FF0C9C-E10A-467A-A0AA-BC624B48F3F1}.Debug|Mixed Platforms.ActiveCfg = Debug|Any CPU
		{C5FF0C9C-E10A-467A-A0AA-BC624B48F3F1}.Debug|Mixed Platforms.Build.0 = Debug|Any CPU
		{C5FF0C9C-E10A-467A-A0AA-BC624B48F3F1}.Debug|x86.ActiveCfg = Debug|Any CPU
		{C5FF0C9C-E10A-467A-A0AA-BC624B48F3F1}.Debug|x86.Build.0 = Debug|Any CPU
		{C5FF0C9C-E10A-467A-A0AA-BC624B48F3F1}.Release|Any CPU.ActiveCfg = Release|Any CPU
		{C5FF0C9C-E10A-467A-A0AA-BC624B48F3F1}.Release|Any CPU.Build.0 = Release|Any CPU
		{C5FF0C9C-E10A-467A-A0AA-BC624B48F3F1}.Release|Mixed Platforms.ActiveCfg = Release|Any CPU
		{C5FF0C9C-E10A-467A-A0AA-BC624B48F3F1}.Release|Mixed Platforms.Build.0 = Release|Any CPU
		{C5FF0C9C-E10A-467A-A0AA-BC624B48F3F1}.Release|x86.ActiveCfg = Release|Any CPU
		{C5FF0C9C-E10A-467A-A0AA-BC624B48F3F1}.Release|x86.Build.0 = Release|Any CPU
		{5B826EB8-E7AA-4FE2-86D6-AE6AC6938BC8}.Debug|Any CPU.ActiveCfg = Debug|Any CPU
		{5B826EB8-E7AA-4FE2-86D6-AE6AC6938BC8}.Debug|Any CPU.Build.0 = Debug|Any CPU
		{5B826EB8-E7AA-4FE2-86D6-AE6AC6938BC8}.Debug|Mixed Platforms.ActiveCfg = Debug|Any CPU
		{5B826EB8-E7AA-4FE2-86D6-AE6AC6938BC8}.Debug|Mixed Platforms.Build.0 = Debug|Any CPU
		{5B826EB8-E7AA-4FE2-86D6-AE6AC6938BC8}.Debug|x86.ActiveCfg = Debug|Any CPU
		{5B826EB8-E7AA-4FE2-86D6-AE6AC6938BC8}.Debug|x86.Build.0 = Debug|Any CPU
		{5B826EB8-E7AA-4FE2-86D6-AE6AC6938BC8}.Release|Any CPU.ActiveCfg = Release|Any CPU
		{5B826EB8-E7AA-4FE2-86D6-AE6AC6938BC8}.Release|Any CPU.Build.0 = Release|Any CPU
		{5B826EB8-E7AA-4FE2-86D6-AE6AC6938BC8}.Release|Mixed Platforms.ActiveCfg = Release|Any CPU
		{5B826EB8-E7AA-4FE2-86D6-AE6AC6938BC8}.Release|Mixed Platforms.Build.0 = Release|Any CPU
		{5B826EB8-E7AA-4FE2-86D6-AE6AC6938BC8}.Release|x86.ActiveCfg = Release|Any CPU
		{5B826EB8-E7AA-4FE2-86D6-AE6AC6938BC8}.Release|x86.Build.0 = Release|Any CPU
		{CF56535E-6966-44F9-8999-56F36C4E5297}.Debug|Any CPU.ActiveCfg = Debug|Any CPU
		{CF56535E-6966-44F9-8999-56F36C4E5297}.Debug|Any CPU.Build.0 = Debug|Any CPU
		{CF56535E-6966-44F9-8999-56F36C4E5297}.Debug|Mixed Platforms.ActiveCfg = Debug|Any CPU
		{CF56535E-6966-44F9-8999-56F36C4E5297}.Debug|Mixed Platforms.Build.0 = Debug|Any CPU
		{CF56535E-6966-44F9-8999-56F36C4E5297}.Debug|x86.ActiveCfg = Debug|Any CPU
		{CF56535E-6966-44F9-8999-56F36C4E5297}.Debug|x86.Build.0 = Debug|Any CPU
		{CF56535E-6966-44F9-8999-56F36C4E5297}.Release|Any CPU.ActiveCfg = Release|Any CPU
		{CF56535E-6966-44F9-8999-56F36C4E5297}.Release|Any CPU.Build.0 = Release|Any CPU
		{CF56535E-6966-44F9-8999-56F36C4E5297}.Release|Mixed Platforms.ActiveCfg = Release|Any CPU
		{CF56535E-6966-44F9-8999-56F36C4E5297}.Release|Mixed Platforms.Build.0 = Release|Any CPU
		{CF56535E-6966-44F9-8999-56F36C4E5297}.Release|x86.ActiveCfg = Release|Any CPU
		{CF56535E-6966-44F9-8999-56F36C4E5297}.Release|x86.Build.0 = Release|Any CPU
	EndGlobalSection
	GlobalSection(SolutionProperties) = preSolution
		HideSolutionNode = FALSE
	EndGlobalSection
	GlobalSection(NestedProjects) = preSolution
		{C5FF0C9C-E10A-467A-A0AA-BC624B48F3F1} = {AA055A2D-EE7B-4C7C-A660-893A54D0A7B9}
		{5B826EB8-E7AA-4FE2-86D6-AE6AC6938BC8} = {3563B2ED-C796-4FD1-9CB5-C9C90ABE32DD}
		{CF56535E-6966-44F9-8999-56F36C4E5297} = {3563B2ED-C796-4FD1-9CB5-C9C90ABE32DD}
	EndGlobalSection
	GlobalSection(ExtensibilityGlobals) = postSolution
		SolutionGuid = {8471F603-9617-4CAC-895B-0D1D55A8A193}
	EndGlobalSection
	GlobalSection(SubversionScc) = preSolution
		Manager = AnkhSVN - Subversion Support for Visual Studio
		Svn-Managed = True
	EndGlobalSection
EndGlobal
